
Microsoft Visual Studio Solution File, Format Version 12.00
Project("{FAE04EC0-301F-11D3-BF4B-00C04F79EFBC}") = "Purple.DataCollector", "Purple.DataCollector\Purple.DataCollector.csproj", "{288264E3-A1AD-45F1-8C48-0ADF6A4F21A2}"
EndProject
Project("{FAE04EC0-301F-11D3-BF4B-00C04F79EFBC}") = "Purple.Model", "Purple.Model\Purple.Model.csproj", "{1E2C3822-E4CE-464C-9ECF-829298BEA507}"
EndProject
Project("{FAE04EC0-301F-11D3-BF4B-00C04F79EFBC}") = "Purple.DataProcessor", "Purple.DataProcessor\Purple.DataProcessor.csproj", "{5830F55E-C81A-481B-82AF-7B0D1119C4DF}"
EndProject
Project("{FAE04EC0-301F-11D3-BF4B-00C04F79EFBC}") = "Purple.Watchdog", "Purple.Watchdog\Purple.Watchdog.csproj", "{D445F073-E66E-4825-9A44-EA485A739633}"
EndProject
Global
	GlobalSection(SolutionConfigurationPlatforms) = preSolution
		Debug|Any CPU = Debug|Any CPU
		Release|Any CPU = Release|Any CPU
	EndGlobalSection
	GlobalSection(ProjectConfigurationPlatforms) = postSolution
		{288264E3-A1AD-45F1-8C48-0ADF6A4F21A2}.Debug|Any CPU.ActiveCfg = Debug|Any CPU
		{288264E3-A1AD-45F1-8C48-0ADF6A4F21A2}.Debug|Any CPU.Build.0 = Debug|Any CPU
		{288264E3-A1AD-45F1-8C48-0ADF6A4F21A2}.Release|Any CPU.ActiveCfg = Release|Any CPU
		{288264E3-A1AD-45F1-8C48-0ADF6A4F21A2}.Release|Any CPU.Build.0 = Release|Any CPU
		{1E2C3822-E4CE-464C-9ECF-829298BEA507}.Debug|Any CPU.ActiveCfg = Debug|Any CPU
		{1E2C3822-E4CE-464C-9ECF-829298BEA507}.Debug|Any CPU.Build.0 = Debug|Any CPU
		{1E2C3822-E4CE-464C-9ECF-829298BEA507}.Release|Any CPU.ActiveCfg = Release|Any CPU
		{1E2C3822-E4CE-464C-9ECF-829298BEA507}.Release|Any CPU.Build.0 = Release|Any CPU
		{5830F55E-C81A-481B-82AF-7B0D1119C4DF}.Debug|Any CPU.ActiveCfg = Debug|Any CPU
		{5830F55E-C81A-481B-82AF-7B0D1119C4DF}.Debug|Any CPU.Build.0 = Debug|Any CPU
		{5830F55E-C81A-481B-82AF-7B0D1119C4DF}.Release|Any CPU.ActiveCfg = Release|Any CPU
		{5830F55E-C81A-481B-82AF-7B0D1119C4DF}.Release|Any CPU.Build.0 = Release|Any CPU
		{D445F073-E66E-4825-9A44-EA485A739633}.Debug|Any CPU.ActiveCfg = Debug|Any CPU
		{D445F073-E66E-4825-9A44-EA485A739633}.Debug|Any CPU.Build.0 = Debug|Any CPU
		{D445F073-E66E-4825-9A44-EA485A739633}.Release|Any CPU.ActiveCfg = Release|Any CPU
		{D445F073-E66E-4825-9A44-EA485A739633}.Release|Any CPU.Build.0 = Release|Any CPU
	EndGlobalSection
EndGlobal
